PODS:
  - AdmaxPrebidMobile/Core (1.5.0):
    - CriteoPublisherSdk (~> 4.3)
    - Google-Mobile-Ads-SDK (~> 8.3)
    - Smart-Display-SDK (~> 7.6)
    - Try
  - AdmaxPrebidMobile/GoogleMobileAds (1.5.0):
    - AdmaxPrebidMobile/Core
  - CriteoPublisherSdk (4.3.1):
    - CriteoPublisherSdk/Sdk (= 4.3.1)
  - CriteoPublisherSdk/Sdk (4.3.1)
  - Google-Mobile-Ads-SDK (8.3.0):
    - GoogleAppMeasurement (~> 7.0)
    - GoogleUserMessagingPlatform (>= 1.1)
  - GoogleAppMeasurement (7.10.0):
    - GoogleUtilities/AppDelegateSwizzler (~> 7.0)
    - GoogleUtilities/MethodSwizzler (~> 7.0)
    - GoogleUtilities/Network (~> 7.0)
    - "GoogleUtilities/NSData+zlib (~> 7.0)"
    - nanopb (~> 2.30908.0)
  - GoogleUserMessagingPlatform (2.0.0)
  - GoogleUtilities/AppDelegateSwizzler (7.3.1):
    - GoogleUtilities/Environment
    - GoogleUtilities/Logger
    - GoogleUtilities/Network
  - GoogleUtilities/Environment (7.3.1):
    - PromisesObjC (~> 1.2)
  - GoogleUtilities/Logger (7.3.1):
    - GoogleUtilities/Environment
  - GoogleUtilities/MethodSwizzler (7.3.1):
    - GoogleUtilities/Logger
  - GoogleUtilities/Network (7.3.1):
    - GoogleUtilities/Logger
    - "GoogleUtilities/NSData+zlib"
    - GoogleUtilities/Reachability
  - "GoogleUtilities/NSData+zlib (7.3.1)"
  - GoogleUtilities/Reachability (7.3.1):
    - GoogleUtilities/Logger
  - nanopb (2.30908.0):
    - nanopb/decode (= 2.30908.0)
    - nanopb/encode (= 2.30908.0)
  - nanopb/decode (2.30908.0)
  - nanopb/encode (2.30908.0)
  - PromisesObjC (1.2.12)
  - Smart-Core-SDK (7.8.0)
  - Smart-Display-SDK (7.8.0):
    - Smart-Core-SDK (~> 7.8)
  - Try (2.1.1)

DEPENDENCIES:
  - AdmaxPrebidMobile/GoogleMobileAds (= 1.5.0)
  - Google-Mobile-Ads-SDK (~> 8.3.0)
  - Smart-Display-SDK (~> 7.8.0)

SPEC REPOS:
  https://github.com/CocoaPods/Specs.git:
    - AdmaxPrebidMobile
    - CriteoPublisherSdk
    - Google-Mobile-Ads-SDK
    - GoogleAppMeasurement
    - GoogleUserMessagingPlatform
    - GoogleUtilities
    - nanopb
    - PromisesObjC
    - Smart-Core-SDK
    - Smart-Display-SDK
    - Try

SPEC CHECKSUMS:
  AdmaxPrebidMobile: b577b28bb024f6030a612c62de3285dab4a000bc
  CriteoPublisherSdk: 8b7a5a68f4b4fb754311018062f03b5cd6ba4ff1
  Google-Mobile-Ads-SDK: c14f5a63db1414b4ca0ee1539c9f3d700ace96c2
  GoogleAppMeasurement: 1c863b1161fc3c8cf614a7460d1be6a7c262aab3
  GoogleUserMessagingPlatform: ab890ce5f6620f293a21b6bdd82e416a2c73aeca
  GoogleUtilities: e1d9ed4e544fc32a93e00e721400cbc3f377200d
  nanopb: a0ba3315591a9ae0a16a309ee504766e90db0c96
  PromisesObjC: 3113f7f76903778cf4a0586bd1ab89329a0b7b97
  Smart-Core-SDK: 81e6929af56fb25a3acae2f25953ee68736b462b
  Smart-Display-SDK: d670bac47d0aeece407117943874ad8e399306b9
  Try: 5ef669ae832617b3cee58cb2c6f99fb767a4ff96

PODFILE CHECKSUM: 373a11acf6d5fb00fc64e0414a3e8765b1f04827

COCOAPODS: 1.10.1
