PODS:
  - AdmaxPrebidMobile/Core (1.2.10):
    - CriteoPublisherSdk (~> 3.4)
    - Smart-Display-SDK (~> 7.6)
    - Try
  - AdmaxPrebidMobile/GoogleMobileAds (1.2.10):
    - AdmaxPrebidMobile/Core
    - Google-Mobile-Ads-SDK (~> 7.43)
  - CriteoPublisherSdk (3.5.0)
  - Google-Mobile-Ads-SDK (7.57.0):
    - GoogleAppMeasurement (~> 6.0)
  - GoogleAppMeasurement (6.4.0):
    - GoogleUtilities/AppDelegateSwizzler (~> 6.0)
    - GoogleUtilities/MethodSwizzler (~> 6.0)
    - GoogleUtilities/Network (~> 6.0)
    - "GoogleUtilities/NSData+zlib (~> 6.0)"
    - nanopb (= 0.3.9011)
  - GoogleUtilities/AppDelegateSwizzler (6.5.2):
    - GoogleUtilities/Environment
    - GoogleUtilities/Logger
    - GoogleUtilities/Network
  - GoogleUtilities/Environment (6.5.2)
  - GoogleUtilities/Logger (6.5.2):
    - GoogleUtilities/Environment
  - GoogleUtilities/MethodSwizzler (6.5.2):
    - GoogleUtilities/Logger
  - GoogleUtilities/Network (6.5.2):
    - GoogleUtilities/Logger
    - "GoogleUtilities/NSData+zlib"
    - GoogleUtilities/Reachability
  - "GoogleUtilities/NSData+zlib (6.5.2)"
  - GoogleUtilities/Reachability (6.5.2):
    - GoogleUtilities/Logger
  - nanopb (0.3.9011):
    - nanopb/decode (= 0.3.9011)
    - nanopb/encode (= 0.3.9011)
  - nanopb/decode (0.3.9011)
  - nanopb/encode (0.3.9011)
  - Smart-Core-SDK (7.6.0)
  - Smart-Display-SDK (7.6.0):
    - Smart-Core-SDK (~> 7.6)
  - Try (2.1.1)

DEPENDENCIES:
  - AdmaxPrebidMobile/GoogleMobileAds (= 1.2.10)
  - Google-Mobile-Ads-SDK (~> 7.57.0)
  - Smart-Display-SDK (~> 7.6.0)

SPEC REPOS:
  https://github.com/CocoaPods/Specs.git:
    - AdmaxPrebidMobile
    - CriteoPublisherSdk
    - Google-Mobile-Ads-SDK
    - GoogleAppMeasurement
    - GoogleUtilities
    - nanopb
    - Smart-Core-SDK
    - Smart-Display-SDK
    - Try

SPEC CHECKSUMS:
  AdmaxPrebidMobile: 70169566c1547b64d989046930961e8a53399cd6
  CriteoPublisherSdk: 4fb2201637e8f8eac293ee087c9bd16ea138c22c
  Google-Mobile-Ads-SDK: ec897018b9ab9b447e7aa4876e7f75aba13ba2de
  GoogleAppMeasurement: 6e68a94d0eaeb1d73ef6b0ed4f7334e29d63ae29
  GoogleUtilities: ad0f3b691c67909d03a3327cc205222ab8f42e0e
  nanopb: 18003b5e52dab79db540fe93fe9579f399bd1ccd
  Smart-Core-SDK: 0c35c02f7722b4b2ce98fff212cda1c519912c59
  Smart-Display-SDK: fa18b050e5d66b192ccdbe210b6aae725f04b86a
  Try: 5ef669ae832617b3cee58cb2c6f99fb767a4ff96

PODFILE CHECKSUM: 51a94ee47a6ec6e9ba96bb9beed721fe68c32ae5

COCOAPODS: 1.8.4
