// !$*UTF8*$!
{
	archiveVersion = 1;
	classes = {
	};
	objectVersion = 51;
	objects = {

/* Begin PBXBuildFile section */
		52142D2126D7F165004851C7 /* NativeInAppViewController.swift in Sources */ = {isa = PBXBuildFile; fileRef = 52142D2026D7F165004851C7 /* NativeInAppViewController.swift */; };
		52142D2726D7F170004851C7 /* NativeAdView.swift in Sources */ = {isa = PBXBuildFile; fileRef = 52142D2326D7F170004851C7 /* NativeAdView.swift */; };
		52142D2826D7F170004851C7 /* CriteoNativeAdView.swift in Sources */ = {isa = PBXBuildFile; fileRef = 52142D2426D7F170004851C7 /* CriteoNativeAdView.swift */; };
		52142D2926D7F170004851C7 /* CriteoNativeAdView.xib in Resources */ = {isa = PBXBuildFile; fileRef = 52142D2526D7F170004851C7 /* CriteoNativeAdView.xib */; };
		52142D2A26D7F170004851C7 /* NativeAdView.xib in Resources */ = {isa = PBXBuildFile; fileRef = 52142D2626D7F170004851C7 /* NativeAdView.xib */; };
		525B815722842457002BDD54 /* AppDelegate.swift in Sources */ = {isa = PBXBuildFile; fileRef = 525B815622842457002BDD54 /* AppDelegate.swift */; };
		525B815C22842457002BDD54 /* Main.storyboard in Resources */ = {isa = PBXBuildFile; fileRef = 525B815A22842457002BDD54 /* Main.storyboard */; };
		525B815E22842459002BDD54 /* Assets.xcassets in Resources */ = {isa = PBXBuildFile; fileRef = 525B815D22842459002BDD54 /* Assets.xcassets */; };
		525B816122842459002BDD54 /* LaunchScreen.storyboard in Resources */ = {isa = PBXBuildFile; fileRef = 525B815F22842459002BDD54 /* LaunchScreen.storyboard */; };
		525B81692284261D002BDD54 /* BannerController.swift in Sources */ = {isa = PBXBuildFile; fileRef = 525B81682284261D002BDD54 /* BannerController.swift */; };
		525B816B22842624002BDD54 /* InterstitialViewController.swift in Sources */ = {isa = PBXBuildFile; fileRef = 525B816A22842623002BDD54 /* InterstitialViewController.swift */; };
		525B816D22842646002BDD54 /* IndexController.swift in Sources */ = {isa = PBXBuildFile; fileRef = 525B816C22842646002BDD54 /* IndexController.swift */; };
		525B818D22A98DD1002BDD54 /* DemoAdmaxExceptionLogger.swift in Sources */ = {isa = PBXBuildFile; fileRef = 525B818C22A98DD1002BDD54 /* DemoAdmaxExceptionLogger.swift */; };
		525B819122B51E2B002BDD54 /* SASAdmaxBidderAdapter.swift in Sources */ = {isa = PBXBuildFile; fileRef = 525B819022B51E2B002BDD54 /* SASAdmaxBidderAdapter.swift */; };
		525B819322B51F4C002BDD54 /* RectangleController.swift in Sources */ = {isa = PBXBuildFile; fileRef = 525B819222B51F4C002BDD54 /* RectangleController.swift */; };
		A2C1097727BEA42E003CBDDB /* LBCPrebidService.swift in Sources */ = {isa = PBXBuildFile; fileRef = A2C1097627BEA42E003CBDDB /* LBCPrebidService.swift */; };
		A2C1097927BEA4BF003CBDDB /* LBCServices.swift in Sources */ = {isa = PBXBuildFile; fileRef = A2C1097827BEA4BF003CBDDB /* LBCServices.swift */; };
		A2C1097B27BEA9E2003CBDDB /* LBCAdUnitProtocol.swift in Sources */ = {isa = PBXBuildFile; fileRef = A2C1097A27BEA9E2003CBDDB /* LBCAdUnitProtocol.swift */; };
		A2C1097D27BEABAB003CBDDB /* LBCUpdatableProtocol.swift in Sources */ = {isa = PBXBuildFile; fileRef = A2C1097C27BEABAB003CBDDB /* LBCUpdatableProtocol.swift */; };
		A2C1097F27BEAC95003CBDDB /* LBCAdmaxConfigUtilService.swift in Sources */ = {isa = PBXBuildFile; fileRef = A2C1097E27BEAC95003CBDDB /* LBCAdmaxConfigUtilService.swift */; };
		A2C1098227BEDDCA003CBDDB /* LBCAdmaxPrebidMobileService.swift in Sources */ = {isa = PBXBuildFile; fileRef = A2C1098127BEDDCA003CBDDB /* LBCAdmaxPrebidMobileService.swift */; };
		A2C1099627BFF65C003CBDDB /* LBCGADInterstitialAppEventDelegate.swift in Sources */ = {isa = PBXBuildFile; fileRef = A2C1099527BFF65C003CBDDB /* LBCGADInterstitialAppEventDelegate.swift */; };
		A2C1099827BFFAC2003CBDDB /* LBCGamInterstitialAdUnitProtocol.swift in Sources */ = {isa = PBXBuildFile; fileRef = A2C1099727BFFAC2003CBDDB /* LBCGamInterstitialAdUnitProtocol.swift */; };
		A2C1099A27BFFBC2003CBDDB /* LBCAnalyticsEventTypeName.swift in Sources */ = {isa = PBXBuildFile; fileRef = A2C1099927BFFBC2003CBDDB /* LBCAnalyticsEventTypeName.swift */; };
		A2C1099C27BFFD37003CBDDB /* LBCSASInterstitialManagerDelegate.swift in Sources */ = {isa = PBXBuildFile; fileRef = A2C1099B27BFFD37003CBDDB /* LBCSASInterstitialManagerDelegate.swift */; };
		A2C1099E27C0048B003CBDDB /* LBCSASAdPlacement.swift in Sources */ = {isa = PBXBuildFile; fileRef = A2C1099D27C0048B003CBDDB /* LBCSASAdPlacement.swift */; };
		A2C109A027C00907003CBDDB /* LBCSASInterstitialManager.swift in Sources */ = {isa = PBXBuildFile; fileRef = A2C1099F27C00907003CBDDB /* LBCSASInterstitialManager.swift */; };
		A2C109A427C019B3003CBDDB /* LBCGAMInterstitialAd.swift in Sources */ = {isa = PBXBuildFile; fileRef = A2C109A327C019B3003CBDDB /* LBCGAMInterstitialAd.swift */; };
		A2C109A627C02EA1003CBDDB /* LBCGAMRequest.swift in Sources */ = {isa = PBXBuildFile; fileRef = A2C109A527C02EA1003CBDDB /* LBCGAMRequest.swift */; };
		A2C109A827C5442D003CBDDB /* LBCSASBannerViewDelegate.swift in Sources */ = {isa = PBXBuildFile; fileRef = A2C109A727C5442D003CBDDB /* LBCSASBannerViewDelegate.swift */; };
		A2C109AA27C54C03003CBDDB /* LBCBannerGADAppEventDelegate.swift in Sources */ = {isa = PBXBuildFile; fileRef = A2C109A927C54C03003CBDDB /* LBCBannerGADAppEventDelegate.swift */; };
		A2C109AC27C54FC2003CBDDB /* LBCBannerAdUnitProtocol.swift in Sources */ = {isa = PBXBuildFile; fileRef = A2C109AB27C54FC2003CBDDB /* LBCBannerAdUnitProtocol.swift */; };
		A2C109AE27C55572003CBDDB /* LBCGADBannerViewDelegate.swift in Sources */ = {isa = PBXBuildFile; fileRef = A2C109AD27C55572003CBDDB /* LBCGADBannerViewDelegate.swift */; };
		A2C109B027C55738003CBDDB /* LBCUtilsService.swift in Sources */ = {isa = PBXBuildFile; fileRef = A2C109AF27C55738003CBDDB /* LBCUtilsService.swift */; };
		A2C109B227C56109003CBDDB /* LBCSASBannerViewProtocol.swift in Sources */ = {isa = PBXBuildFile; fileRef = A2C109B127C56109003CBDDB /* LBCSASBannerViewProtocol.swift */; };
		A2C109B427C56A45003CBDDB /* LBCGAMBannerViewService.swift in Sources */ = {isa = PBXBuildFile; fileRef = A2C109B327C56A45003CBDDB /* LBCGAMBannerViewService.swift */; };
		A2C109C627C7BFF9003CBDDB /* LBCGAMRequestProtocol.swift in Sources */ = {isa = PBXBuildFile; fileRef = A2C109C527C7BFF9003CBDDB /* LBCGAMRequestProtocol.swift */; };
		D5A340B4BE2D791D39A286DE /* Pods_AdmaxDemo.framework in Frameworks */ = {isa = PBXBuildFile; fileRef = 0951BDB765EC018540D0F0BE /* Pods_AdmaxDemo.framework */; };
/* End PBXBuildFile section */

/* Begin PBXFileReference section */
		0951BDB765EC018540D0F0BE /* Pods_AdmaxDemo.framework */ = {isa = PBXFileReference; explicitFileType = wrapper.framework; includeInIndex = 0; path = Pods_AdmaxDemo.framework; sourceTree = BUILT_PRODUCTS_DIR; };
		52142D2026D7F165004851C7 /* NativeInAppViewController.swift */ = {isa = PBXFileReference; fileEncoding = 4; lastKnownFileType = sourcecode.swift; path = NativeInAppViewController.swift; sourceTree = "<group>"; };
		52142D2326D7F170004851C7 /* NativeAdView.swift */ = {isa = PBXFileReference; fileEncoding = 4; lastKnownFileType = sourcecode.swift; path = NativeAdView.swift; sourceTree = "<group>"; };
		52142D2426D7F170004851C7 /* CriteoNativeAdView.swift */ = {isa = PBXFileReference; fileEncoding = 4; lastKnownFileType = sourcecode.swift; path = CriteoNativeAdView.swift; sourceTree = "<group>"; };
		52142D2526D7F170004851C7 /* CriteoNativeAdView.xib */ = {isa = PBXFileReference; fileEncoding = 4; lastKnownFileType = file.xib; path = CriteoNativeAdView.xib; sourceTree = "<group>"; };
		52142D2626D7F170004851C7 /* NativeAdView.xib */ = {isa = PBXFileReference; fileEncoding = 4; lastKnownFileType = file.xib; path = NativeAdView.xib; sourceTree = "<group>"; };
		525B815322842457002BDD54 /* AdmaxDemo.app */ = {isa = PBXFileReference; explicitFileType = wrapper.application; includeInIndex = 0; path = AdmaxDemo.app; sourceTree = BUILT_PRODUCTS_DIR; };
		525B815622842457002BDD54 /* AppDelegate.swift */ = {isa = PBXFileReference; lastKnownFileType = sourcecode.swift; path = AppDelegate.swift; sourceTree = "<group>"; };
		525B815B22842457002BDD54 /* Base */ = {isa = PBXFileReference; lastKnownFileType = file.storyboard; name = Base; path = Base.lproj/Main.storyboard; sourceTree = "<group>"; };
		525B815D22842459002BDD54 /* Assets.xcassets */ = {isa = PBXFileReference; lastKnownFileType = folder.assetcatalog; path = Assets.xcassets; sourceTree = "<group>"; };
		525B816022842459002BDD54 /* Base */ = {isa = PBXFileReference; lastKnownFileType = file.storyboard; name = Base; path = Base.lproj/LaunchScreen.storyboard; sourceTree = "<group>"; };
		525B816222842459002BDD54 /* Info.plist */ = {isa = PBXFileReference; lastKnownFileType = text.plist.xml; path = Info.plist; sourceTree = "<group>"; };
		525B81682284261D002BDD54 /* BannerController.swift */ = {isa = PBXFileReference; fileEncoding = 4; lastKnownFileType = sourcecode.swift; path = BannerController.swift; sourceTree = "<group>"; };
		525B816A22842623002BDD54 /* InterstitialViewController.swift */ = {isa = PBXFileReference; fileEncoding = 4; lastKnownFileType = sourcecode.swift; path = InterstitialViewController.swift; sourceTree = "<group>"; };
		525B816C22842646002BDD54 /* IndexController.swift */ = {isa = PBXFileReference; fileEncoding = 4; lastKnownFileType = sourcecode.swift; path = IndexController.swift; sourceTree = "<group>"; };
		525B818C22A98DD1002BDD54 /* DemoAdmaxExceptionLogger.swift */ = {isa = PBXFileReference; lastKnownFileType = sourcecode.swift; path = DemoAdmaxExceptionLogger.swift; sourceTree = "<group>"; };
		525B819022B51E2B002BDD54 /* SASAdmaxBidderAdapter.swift */ = {isa = PBXFileReference; lastKnownFileType = sourcecode.swift; path = SASAdmaxBidderAdapter.swift; sourceTree = "<group>"; };
		525B819222B51F4C002BDD54 /* RectangleController.swift */ = {isa = PBXFileReference; lastKnownFileType = sourcecode.swift; path = RectangleController.swift; sourceTree = "<group>"; };
		A2C1097627BEA42E003CBDDB /* LBCPrebidService.swift */ = {isa = PBXFileReference; lastKnownFileType = sourcecode.swift; path = LBCPrebidService.swift; sourceTree = "<group>"; };
		A2C1097827BEA4BF003CBDDB /* LBCServices.swift */ = {isa = PBXFileReference; lastKnownFileType = sourcecode.swift; path = LBCServices.swift; sourceTree = "<group>"; };
		A2C1097A27BEA9E2003CBDDB /* LBCAdUnitProtocol.swift */ = {isa = PBXFileReference; lastKnownFileType = sourcecode.swift; path = LBCAdUnitProtocol.swift; sourceTree = "<group>"; };
		A2C1097C27BEABAB003CBDDB /* LBCUpdatableProtocol.swift */ = {isa = PBXFileReference; lastKnownFileType = sourcecode.swift; path = LBCUpdatableProtocol.swift; sourceTree = "<group>"; };
		A2C1097E27BEAC95003CBDDB /* LBCAdmaxConfigUtilService.swift */ = {isa = PBXFileReference; lastKnownFileType = sourcecode.swift; path = LBCAdmaxConfigUtilService.swift; sourceTree = "<group>"; };
		A2C1098127BEDDCA003CBDDB /* LBCAdmaxPrebidMobileService.swift */ = {isa = PBXFileReference; lastKnownFileType = sourcecode.swift; path = LBCAdmaxPrebidMobileService.swift; sourceTree = "<group>"; };
		A2C1099527BFF65C003CBDDB /* LBCGADInterstitialAppEventDelegate.swift */ = {isa = PBXFileReference; lastKnownFileType = sourcecode.swift; path = LBCGADInterstitialAppEventDelegate.swift; sourceTree = "<group>"; };
		A2C1099727BFFAC2003CBDDB /* LBCGamInterstitialAdUnitProtocol.swift */ = {isa = PBXFileReference; lastKnownFileType = sourcecode.swift; path = LBCGamInterstitialAdUnitProtocol.swift; sourceTree = "<group>"; };
		A2C1099927BFFBC2003CBDDB /* LBCAnalyticsEventTypeName.swift */ = {isa = PBXFileReference; lastKnownFileType = sourcecode.swift; path = LBCAnalyticsEventTypeName.swift; sourceTree = "<group>"; };
		A2C1099B27BFFD37003CBDDB /* LBCSASInterstitialManagerDelegate.swift */ = {isa = PBXFileReference; lastKnownFileType = sourcecode.swift; path = LBCSASInterstitialManagerDelegate.swift; sourceTree = "<group>"; };
		A2C1099D27C0048B003CBDDB /* LBCSASAdPlacement.swift */ = {isa = PBXFileReference; lastKnownFileType = sourcecode.swift; path = LBCSASAdPlacement.swift; sourceTree = "<group>"; };
		A2C1099F27C00907003CBDDB /* LBCSASInterstitialManager.swift */ = {isa = PBXFileReference; lastKnownFileType = sourcecode.swift; path = LBCSASInterstitialManager.swift; sourceTree = "<group>"; };
		A2C109A327C019B3003CBDDB /* LBCGAMInterstitialAd.swift */ = {isa = PBXFileReference; lastKnownFileType = sourcecode.swift; path = LBCGAMInterstitialAd.swift; sourceTree = "<group>"; };
		A2C109A527C02EA1003CBDDB /* LBCGAMRequest.swift */ = {isa = PBXFileReference; lastKnownFileType = sourcecode.swift; path = LBCGAMRequest.swift; sourceTree = "<group>"; };
		A2C109A727C5442D003CBDDB /* LBCSASBannerViewDelegate.swift */ = {isa = PBXFileReference; lastKnownFileType = sourcecode.swift; path = LBCSASBannerViewDelegate.swift; sourceTree = "<group>"; };
		A2C109A927C54C03003CBDDB /* LBCBannerGADAppEventDelegate.swift */ = {isa = PBXFileReference; lastKnownFileType = sourcecode.swift; path = LBCBannerGADAppEventDelegate.swift; sourceTree = "<group>"; };
		A2C109AB27C54FC2003CBDDB /* LBCBannerAdUnitProtocol.swift */ = {isa = PBXFileReference; lastKnownFileType = sourcecode.swift; path = LBCBannerAdUnitProtocol.swift; sourceTree = "<group>"; };
		A2C109AD27C55572003CBDDB /* LBCGADBannerViewDelegate.swift */ = {isa = PBXFileReference; lastKnownFileType = sourcecode.swift; path = LBCGADBannerViewDelegate.swift; sourceTree = "<group>"; };
		A2C109AF27C55738003CBDDB /* LBCUtilsService.swift */ = {isa = PBXFileReference; lastKnownFileType = sourcecode.swift; path = LBCUtilsService.swift; sourceTree = "<group>"; };
		A2C109B127C56109003CBDDB /* LBCSASBannerViewProtocol.swift */ = {isa = PBXFileReference; lastKnownFileType = sourcecode.swift; path = LBCSASBannerViewProtocol.swift; sourceTree = "<group>"; };
		A2C109B327C56A45003CBDDB /* LBCGAMBannerViewService.swift */ = {isa = PBXFileReference; lastKnownFileType = sourcecode.swift; path = LBCGAMBannerViewService.swift; sourceTree = "<group>"; };
		A2C109C527C7BFF9003CBDDB /* LBCGAMRequestProtocol.swift */ = {isa = PBXFileReference; lastKnownFileType = sourcecode.swift; path = LBCGAMRequestProtocol.swift; sourceTree = "<group>"; };
		DBB46DA066111B7415CC7DFF /* Pods-AdmaxDemo.release.xcconfig */ = {isa = PBXFileReference; includeInIndex = 1; lastKnownFileType = text.xcconfig; name = "Pods-AdmaxDemo.release.xcconfig"; path = "Target Support Files/Pods-AdmaxDemo/Pods-AdmaxDemo.release.xcconfig"; sourceTree = "<group>"; };
		E7E78358A4FD90340C038899 /* Pods-AdmaxDemo.debug.xcconfig */ = {isa = PBXFileReference; includeInIndex = 1; lastKnownFileType = text.xcconfig; name = "Pods-AdmaxDemo.debug.xcconfig"; path = "Target Support Files/Pods-AdmaxDemo/Pods-AdmaxDemo.debug.xcconfig"; sourceTree = "<group>"; };
/* End PBXFileReference section */

/* Begin PBXFrameworksBuildPhase section */
		525B815022842457002BDD54 /* Frameworks */ = {
			isa = PBXFrameworksBuildPhase;
			buildActionMask = 2147483647;
			files = (
				D5A340B4BE2D791D39A286DE /* Pods_AdmaxDemo.framework in Frameworks */,
			);
			runOnlyForDeploymentPostprocessing = 0;
		};
/* End PBXFrameworksBuildPhase section */

/* Begin PBXGroup section */
		52142D1D26D7F096004851C7 /* NativeAd */ = {
			isa = PBXGroup;
			children = (
				52142D2026D7F165004851C7 /* NativeInAppViewController.swift */,
				52142D1E26D7F09F004851C7 /* NativeView */,
			);
			path = NativeAd;
			sourceTree = "<group>";
		};
		52142D1E26D7F09F004851C7 /* NativeView */ = {
			isa = PBXGroup;
			children = (
				52142D2426D7F170004851C7 /* CriteoNativeAdView.swift */,
				52142D2526D7F170004851C7 /* CriteoNativeAdView.xib */,
				52142D2326D7F170004851C7 /* NativeAdView.swift */,
				52142D2626D7F170004851C7 /* NativeAdView.xib */,
			);
			path = NativeView;
			sourceTree = "<group>";
		};
		525B814A22842457002BDD54 = {
			isa = PBXGroup;
			children = (
				525B815522842457002BDD54 /* AdmaxDemo */,
				525B815422842457002BDD54 /* Products */,
				5E5931F1EBBB848EBF4781D1 /* Pods */,
				EAEE5951BE99B4A88B2D3575 /* Frameworks */,
			);
			sourceTree = "<group>";
		};
		525B815422842457002BDD54 /* Products */ = {
			isa = PBXGroup;
			children = (
				525B815322842457002BDD54 /* AdmaxDemo.app */,
			);
			name = Products;
			sourceTree = "<group>";
		};
		525B815522842457002BDD54 /* AdmaxDemo */ = {
			isa = PBXGroup;
			children = (
				A2C1097527BEA3D0003CBDDB /* Service */,
				A2C1097427BEA2EC003CBDDB /* ViewController */,
				A2C1097327BEA2D0003CBDDB /* SupportingFiles */,
				52142D1D26D7F096004851C7 /* NativeAd */,
				525B818C22A98DD1002BDD54 /* DemoAdmaxExceptionLogger.swift */,
				525B819022B51E2B002BDD54 /* SASAdmaxBidderAdapter.swift */,
			);
			path = AdmaxDemo;
			sourceTree = "<group>";
		};
		5E5931F1EBBB848EBF4781D1 /* Pods */ = {
			isa = PBXGroup;
			children = (
				E7E78358A4FD90340C038899 /* Pods-AdmaxDemo.debug.xcconfig */,
				DBB46DA066111B7415CC7DFF /* Pods-AdmaxDemo.release.xcconfig */,
			);
			path = Pods;
			sourceTree = "<group>";
		};
		A2C1097327BEA2D0003CBDDB /* SupportingFiles */ = {
			isa = PBXGroup;
			children = (
				525B815622842457002BDD54 /* AppDelegate.swift */,
				525B815A22842457002BDD54 /* Main.storyboard */,
				525B815D22842459002BDD54 /* Assets.xcassets */,
				525B815F22842459002BDD54 /* LaunchScreen.storyboard */,
				525B816222842459002BDD54 /* Info.plist */,
			);
			path = SupportingFiles;
			sourceTree = "<group>";
		};
		A2C1097427BEA2EC003CBDDB /* ViewController */ = {
			isa = PBXGroup;
			children = (
				525B816C22842646002BDD54 /* IndexController.swift */,
				525B816A22842623002BDD54 /* InterstitialViewController.swift */,
				525B81682284261D002BDD54 /* BannerController.swift */,
				525B819222B51F4C002BDD54 /* RectangleController.swift */,
			);
			path = ViewController;
			sourceTree = "<group>";
		};
		A2C1097527BEA3D0003CBDDB /* Service */ = {
			isa = PBXGroup;
			children = (
				A2C1097827BEA4BF003CBDDB /* LBCServices.swift */,
				A2C1099927BFFBC2003CBDDB /* LBCAnalyticsEventTypeName.swift */,
				A2C109B927C63F18003CBDDB /* Admax */,
				A2C109B727C63EF4003CBDDB /* Google */,
				A2C109B827C63F03003CBDDB /* Smart */,
			);
			path = Service;
			sourceTree = "<group>";
		};
		A2C109B727C63EF4003CBDDB /* Google */ = {
			isa = PBXGroup;
			children = (
				A2C109A327C019B3003CBDDB /* LBCGAMInterstitialAd.swift */,
				A2C109A527C02EA1003CBDDB /* LBCGAMRequest.swift */,
				A2C109B327C56A45003CBDDB /* LBCGAMBannerViewService.swift */,
				A2C109C227C7BEA6003CBDDB /* Delegate */,
				A2C109C527C7BFF9003CBDDB /* LBCGAMRequestProtocol.swift */,
			);
			path = Google;
			sourceTree = "<group>";
		};
		A2C109B827C63F03003CBDDB /* Smart */ = {
			isa = PBXGroup;
			children = (
				A2C1099B27BFFD37003CBDDB /* LBCSASInterstitialManagerDelegate.swift */,
				A2C1099D27C0048B003CBDDB /* LBCSASAdPlacement.swift */,
				A2C1099F27C00907003CBDDB /* LBCSASInterstitialManager.swift */,
				A2C109A727C5442D003CBDDB /* LBCSASBannerViewDelegate.swift */,
				A2C109B127C56109003CBDDB /* LBCSASBannerViewProtocol.swift */,
			);
			path = Smart;
			sourceTree = "<group>";
		};
		A2C109B927C63F18003CBDDB /* Admax */ = {
			isa = PBXGroup;
			children = (
				A2C1098127BEDDCA003CBDDB /* LBCAdmaxPrebidMobileService.swift */,
				A2C1097627BEA42E003CBDDB /* LBCPrebidService.swift */,
				A2C1097A27BEA9E2003CBDDB /* LBCAdUnitProtocol.swift */,
				A2C1097C27BEABAB003CBDDB /* LBCUpdatableProtocol.swift */,
				A2C1097E27BEAC95003CBDDB /* LBCAdmaxConfigUtilService.swift */,
				A2C1099727BFFAC2003CBDDB /* LBCGamInterstitialAdUnitProtocol.swift */,
				A2C109AB27C54FC2003CBDDB /* LBCBannerAdUnitProtocol.swift */,
				A2C109AF27C55738003CBDDB /* LBCUtilsService.swift */,
			);
			path = Admax;
			sourceTree = "<group>";
		};
		A2C109C227C7BEA6003CBDDB /* Delegate */ = {
			isa = PBXGroup;
			children = (
				A2C1099527BFF65C003CBDDB /* LBCGADInterstitialAppEventDelegate.swift */,
				A2C109A927C54C03003CBDDB /* LBCBannerGADAppEventDelegate.swift */,
				A2C109AD27C55572003CBDDB /* LBCGADBannerViewDelegate.swift */,
			);
			path = Delegate;
			sourceTree = "<group>";
		};
		EAEE5951BE99B4A88B2D3575 /* Frameworks */ = {
			isa = PBXGroup;
			children = (
				0951BDB765EC018540D0F0BE /* Pods_AdmaxDemo.framework */,
			);
			name = Frameworks;
			sourceTree = "<group>";
		};
/* End PBXGroup section */

/* Begin PBXNativeTarget section */
		525B815222842457002BDD54 /* AdmaxDemo */ = {
			isa = PBXNativeTarget;
			buildConfigurationList = 525B816522842459002BDD54 /* Build configuration list for PBXNativeTarget "AdmaxDemo" */;
			buildPhases = (
				001922E338E23DC578070221 /* [CP] Check Pods Manifest.lock */,
				525B814F22842457002BDD54 /* Sources */,
				525B815022842457002BDD54 /* Frameworks */,
				525B815122842457002BDD54 /* Resources */,
				4B80F9DA00D7FAF56EF12376 /* [CP] Embed Pods Frameworks */,
			);
			buildRules = (
			);
			dependencies = (
			);
			name = AdmaxDemo;
			productName = AdmaxDemo;
			productReference = 525B815322842457002BDD54 /* AdmaxDemo.app */;
			productType = "com.apple.product-type.application";
		};
/* End PBXNativeTarget section */

/* Begin PBXProject section */
		525B814B22842457002BDD54 /* Project object */ = {
			isa = PBXProject;
			attributes = {
				LastSwiftUpdateCheck = 1020;
				LastUpgradeCheck = 1020;
				ORGANIZATIONNAME = Admax;
				TargetAttributes = {
					525B815222842457002BDD54 = {
						CreatedOnToolsVersion = 10.2.1;
					};
				};
			};
			buildConfigurationList = 525B814E22842457002BDD54 /* Build configuration list for PBXProject "AdmaxDemo" */;
			compatibilityVersion = "Xcode 9.3";
			developmentRegion = en;
			hasScannedForEncodings = 0;
			knownRegions = (
				en,
				Base,
			);
			mainGroup = 525B814A22842457002BDD54;
			productRefGroup = 525B815422842457002BDD54 /* Products */;
			projectDirPath = "";
			projectRoot = "";
			targets = (
				525B815222842457002BDD54 /* AdmaxDemo */,
			);
		};
/* End PBXProject section */

/* Begin PBXResourcesBuildPhase section */
		525B815122842457002BDD54 /* Resources */ = {
			isa = PBXResourcesBuildPhase;
			buildActionMask = 2147483647;
			files = (
				52142D2926D7F170004851C7 /* CriteoNativeAdView.xib in Resources */,
				525B816122842459002BDD54 /* LaunchScreen.storyboard in Resources */,
				52142D2A26D7F170004851C7 /* NativeAdView.xib in Resources */,
				525B815E22842459002BDD54 /* Assets.xcassets in Resources */,
				525B815C22842457002BDD54 /* Main.storyboard in Resources */,
			);
			runOnlyForDeploymentPostprocessing = 0;
		};
/* End PBXResourcesBuildPhase section */

/* Begin PBXShellScriptBuildPhase section */
		001922E338E23DC578070221 /* [CP] Check Pods Manifest.lock */ = {
			isa = PBXShellScriptBuildPhase;
			buildActionMask = 2147483647;
			files = (
			);
			inputFileListPaths = (
			);
			inputPaths = (
				"${PODS_PODFILE_DIR_PATH}/Podfile.lock",
				"${PODS_ROOT}/Manifest.lock",
			);
			name = "[CP] Check Pods Manifest.lock";
			outputFileListPaths = (
			);
			outputPaths = (
				"$(DERIVED_FILE_DIR)/Pods-AdmaxDemo-checkManifestLockResult.txt",
			);
			runOnlyForDeploymentPostprocessing = 0;
			shellPath = /bin/sh;
			shellScript = "diff \"${PODS_PODFILE_DIR_PATH}/Podfile.lock\" \"${PODS_ROOT}/Manifest.lock\" > /dev/null\nif [ $? != 0 ] ; then\n    # print error to STDERR\n    echo \"error: The sandbox is not in sync with the Podfile.lock. Run 'pod install' or update your CocoaPods installation.\" >&2\n    exit 1\nfi\n# This output is used by Xcode 'outputs' to avoid re-running this script phase.\necho \"SUCCESS\" > \"${SCRIPT_OUTPUT_FILE_0}\"\n";
			showEnvVarsInLog = 0;
		};
		4B80F9DA00D7FAF56EF12376 /* [CP] Embed Pods Frameworks */ = {
			isa = PBXShellScriptBuildPhase;
			buildActionMask = 2147483647;
			files = (
			);
			inputFileListPaths = (
				"${PODS_ROOT}/Target Support Files/Pods-AdmaxDemo/Pods-AdmaxDemo-frameworks-${CONFIGURATION}-input-files.xcfilelist",
			);
			name = "[CP] Embed Pods Frameworks";
			outputFileListPaths = (
				"${PODS_ROOT}/Target Support Files/Pods-AdmaxDemo/Pods-AdmaxDemo-frameworks-${CONFIGURATION}-output-files.xcfilelist",
			);
			runOnlyForDeploymentPostprocessing = 0;
			shellPath = /bin/sh;
			shellScript = "\"${PODS_ROOT}/Target Support Files/Pods-AdmaxDemo/Pods-AdmaxDemo-frameworks.sh\"\n";
			showEnvVarsInLog = 0;
		};
/* End PBXShellScriptBuildPhase section */

/* Begin PBXSourcesBuildPhase section */
		525B814F22842457002BDD54 /* Sources */ = {
			isa = PBXSourcesBuildPhase;
			buildActionMask = 2147483647;
			files = (
				A2C109AA27C54C03003CBDDB /* LBCBannerGADAppEventDelegate.swift in Sources */,
				52142D2826D7F170004851C7 /* CriteoNativeAdView.swift in Sources */,
				A2C1097927BEA4BF003CBDDB /* LBCServices.swift in Sources */,
				A2C1098227BEDDCA003CBDDB /* LBCAdmaxPrebidMobileService.swift in Sources */,
				A2C1099A27BFFBC2003CBDDB /* LBCAnalyticsEventTypeName.swift in Sources */,
				52142D2126D7F165004851C7 /* NativeInAppViewController.swift in Sources */,
				A2C1097B27BEA9E2003CBDDB /* LBCAdUnitProtocol.swift in Sources */,
				525B816D22842646002BDD54 /* IndexController.swift in Sources */,
				A2C1099E27C0048B003CBDDB /* LBCSASAdPlacement.swift in Sources */,
				525B819322B51F4C002BDD54 /* RectangleController.swift in Sources */,
				A2C109AE27C55572003CBDDB /* LBCGADBannerViewDelegate.swift in Sources */,
				A2C1099627BFF65C003CBDDB /* LBCGADInterstitialAppEventDelegate.swift in Sources */,
				A2C109B427C56A45003CBDDB /* LBCGAMBannerViewService.swift in Sources */,
				A2C109B227C56109003CBDDB /* LBCSASBannerViewProtocol.swift in Sources */,
				A2C109AC27C54FC2003CBDDB /* LBCBannerAdUnitProtocol.swift in Sources */,
				A2C109A427C019B3003CBDDB /* LBCGAMInterstitialAd.swift in Sources */,
				A2C109A827C5442D003CBDDB /* LBCSASBannerViewDelegate.swift in Sources */,
				525B815722842457002BDD54 /* AppDelegate.swift in Sources */,
				525B818D22A98DD1002BDD54 /* DemoAdmaxExceptionLogger.swift in Sources */,
				A2C109C627C7BFF9003CBDDB /* LBCGAMRequestProtocol.swift in Sources */,
				A2C1099827BFFAC2003CBDDB /* LBCGamInterstitialAdUnitProtocol.swift in Sources */,
				A2C109A027C00907003CBDDB /* LBCSASInterstitialManager.swift in Sources */,
				A2C1099C27BFFD37003CBDDB /* LBCSASInterstitialManagerDelegate.swift in Sources */,
				A2C1097D27BEABAB003CBDDB /* LBCUpdatableProtocol.swift in Sources */,
				525B819122B51E2B002BDD54 /* SASAdmaxBidderAdapter.swift in Sources */,
				525B81692284261D002BDD54 /* BannerController.swift in Sources */,
				525B816B22842624002BDD54 /* InterstitialViewController.swift in Sources */,
				A2C109B027C55738003CBDDB /* LBCUtilsService.swift in Sources */,
				52142D2726D7F170004851C7 /* NativeAdView.swift in Sources */,
				A2C109A627C02EA1003CBDDB /* LBCGAMRequest.swift in Sources */,
				A2C1097727BEA42E003CBDDB /* LBCPrebidService.swift in Sources */,
				A2C1097F27BEAC95003CBDDB /* LBCAdmaxConfigUtilService.swift in Sources */,
			);
			runOnlyForDeploymentPostprocessing = 0;
		};
/* End PBXSourcesBuildPhase section */

/* Begin PBXVariantGroup section */
		525B815A22842457002BDD54 /* Main.storyboard */ = {
			isa = PBXVariantGroup;
			children = (
				525B815B22842457002BDD54 /* Base */,
			);
			name = Main.storyboard;
			sourceTree = "<group>";
		};
		525B815F22842459002BDD54 /* LaunchScreen.storyboard */ = {
			isa = PBXVariantGroup;
			children = (
				525B816022842459002BDD54 /* Base */,
			);
			name = LaunchScreen.storyboard;
			sourceTree = "<group>";
		};
/* End PBXVariantGroup section */

/* Begin XCBuildConfiguration section */
		525B816322842459002BDD54 /* Debug */ = {
			isa = XCBuildConfiguration;
			buildSettings = {
				ALWAYS_SEARCH_USER_PATHS = NO;
				CLANG_ANALYZER_NONNULL = YES;
				CLANG_ANALYZER_NUMBER_OBJECT_CONVERSION = YES_AGGRESSIVE;
				CLANG_CXX_LANGUAGE_STANDARD = "gnu++14";
				CLANG_CXX_LIBRARY = "libc++";
				CLANG_ENABLE_MODULES = YES;
				CLANG_ENABLE_OBJC_ARC = YES;
				CLANG_ENABLE_OBJC_WEAK = YES;
				CLANG_WARN_BLOCK_CAPTURE_AUTORELEASING = YES;
				CLANG_WARN_BOOL_CONVERSION = YES;
				CLANG_WARN_COMMA = YES;
				CLANG_WARN_CONSTANT_CONVERSION = YES;
				CLANG_WARN_DEPRECATED_OBJC_IMPLEMENTATIONS = YES;
				CLANG_WARN_DIRECT_OBJC_ISA_USAGE = YES_ERROR;
				CLANG_WARN_DOCUMENTATION_COMMENTS = YES;
				CLANG_WARN_EMPTY_BODY = YES;
				CLANG_WARN_ENUM_CONVERSION = YES;
				CLANG_WARN_INFINITE_RECURSION = YES;
				CLANG_WARN_INT_CONVERSION = YES;
				CLANG_WARN_NON_LITERAL_NULL_CONVERSION = YES;
				CLANG_WARN_OBJC_IMPLICIT_RETAIN_SELF = YES;
				CLANG_WARN_OBJC_LITERAL_CONVERSION = YES;
				CLANG_WARN_OBJC_ROOT_CLASS = YES_ERROR;
				CLANG_WARN_RANGE_LOOP_ANALYSIS = YES;
				CLANG_WARN_STRICT_PROTOTYPES = YES;
				CLANG_WARN_SUSPICIOUS_MOVE = YES;
				CLANG_WARN_UNGUARDED_AVAILABILITY = YES_AGGRESSIVE;
				CLANG_WARN_UNREACHABLE_CODE = YES;
				CLANG_WARN__DUPLICATE_METHOD_MATCH = YES;
				CODE_SIGN_IDENTITY = "iPhone Developer";
				COPY_PHASE_STRIP = NO;
				DEBUG_INFORMATION_FORMAT = dwarf;
				ENABLE_STRICT_OBJC_MSGSEND = YES;
				ENABLE_TESTABILITY = YES;
				GCC_C_LANGUAGE_STANDARD = gnu11;
				GCC_DYNAMIC_NO_PIC = NO;
				GCC_NO_COMMON_BLOCKS = YES;
				GCC_OPTIMIZATION_LEVEL = 0;
				GCC_PREPROCESSOR_DEFINITIONS = (
					"DEBUG=1",
					"$(inherited)",
				);
				GCC_WARN_64_TO_32_BIT_CONVERSION = YES;
				GCC_WARN_ABOUT_RETURN_TYPE = YES_ERROR;
				GCC_WARN_UNDECLARED_SELECTOR = YES;
				GCC_WARN_UNINITIALIZED_AUTOS = YES_AGGRESSIVE;
				GCC_WARN_UNUSED_FUNCTION = YES;
				GCC_WARN_UNUSED_VARIABLE = YES;
				IPHONEOS_DEPLOYMENT_TARGET = 12.2;
				MTL_ENABLE_DEBUG_INFO = INCLUDE_SOURCE;
				MTL_FAST_MATH = YES;
				ONLY_ACTIVE_ARCH = YES;
				SDKROOT = iphoneos;
				SWIFT_ACTIVE_COMPILATION_CONDITIONS = DEBUG;
				SWIFT_OPTIMIZATION_LEVEL = "-Onone";
			};
			name = Debug;
		};
		525B816422842459002BDD54 /* Release */ = {
			isa = XCBuildConfiguration;
			buildSettings = {
				ALWAYS_SEARCH_USER_PATHS = NO;
				CLANG_ANALYZER_NONNULL = YES;
				CLANG_ANALYZER_NUMBER_OBJECT_CONVERSION = YES_AGGRESSIVE;
				CLANG_CXX_LANGUAGE_STANDARD = "gnu++14";
				CLANG_CXX_LIBRARY = "libc++";
				CLANG_ENABLE_MODULES = YES;
				CLANG_ENABLE_OBJC_ARC = YES;
				CLANG_ENABLE_OBJC_WEAK = YES;
				CLANG_WARN_BLOCK_CAPTURE_AUTORELEASING = YES;
				CLANG_WARN_BOOL_CONVERSION = YES;
				CLANG_WARN_COMMA = YES;
				CLANG_WARN_CONSTANT_CONVERSION = YES;
				CLANG_WARN_DEPRECATED_OBJC_IMPLEMENTATIONS = YES;
				CLANG_WARN_DIRECT_OBJC_ISA_USAGE = YES_ERROR;
				CLANG_WARN_DOCUMENTATION_COMMENTS = YES;
				CLANG_WARN_EMPTY_BODY = YES;
				CLANG_WARN_ENUM_CONVERSION = YES;
				CLANG_WARN_INFINITE_RECURSION = YES;
				CLANG_WARN_INT_CONVERSION = YES;
				CLANG_WARN_NON_LITERAL_NULL_CONVERSION = YES;
				CLANG_WARN_OBJC_IMPLICIT_RETAIN_SELF = YES;
				CLANG_WARN_OBJC_LITERAL_CONVERSION = YES;
				CLANG_WARN_OBJC_ROOT_CLASS = YES_ERROR;
				CLANG_WARN_RANGE_LOOP_ANALYSIS = YES;
				CLANG_WARN_STRICT_PROTOTYPES = YES;
				CLANG_WARN_SUSPICIOUS_MOVE = YES;
				CLANG_WARN_UNGUARDED_AVAILABILITY = YES_AGGRESSIVE;
				CLANG_WARN_UNREACHABLE_CODE = YES;
				CLANG_WARN__DUPLICATE_METHOD_MATCH = YES;
				CODE_SIGN_IDENTITY = "iPhone Developer";
				COPY_PHASE_STRIP = NO;
				DEBUG_INFORMATION_FORMAT = "dwarf-with-dsym";
				ENABLE_NS_ASSERTIONS = NO;
				ENABLE_STRICT_OBJC_MSGSEND = YES;
				GCC_C_LANGUAGE_STANDARD = gnu11;
				GCC_NO_COMMON_BLOCKS = YES;
				GCC_WARN_64_TO_32_BIT_CONVERSION = YES;
				GCC_WARN_ABOUT_RETURN_TYPE = YES_ERROR;
				GCC_WARN_UNDECLARED_SELECTOR = YES;
				GCC_WARN_UNINITIALIZED_AUTOS = YES_AGGRESSIVE;
				GCC_WARN_UNUSED_FUNCTION = YES;
				GCC_WARN_UNUSED_VARIABLE = YES;
				IPHONEOS_DEPLOYMENT_TARGET = 12.2;
				MTL_ENABLE_DEBUG_INFO = NO;
				MTL_FAST_MATH = YES;
				SDKROOT = iphoneos;
				SWIFT_COMPILATION_MODE = wholemodule;
				SWIFT_OPTIMIZATION_LEVEL = "-O";
				VALIDATE_PRODUCT = YES;
			};
			name = Release;
		};
		525B816622842459002BDD54 /* Debug */ = {
			isa = XCBuildConfiguration;
			baseConfigurationReference = E7E78358A4FD90340C038899 /* Pods-AdmaxDemo.debug.xcconfig */;
			buildSettings = {
				ASSETCATALOG_COMPILER_APPICON_NAME = AppIcon;
				CODE_SIGN_STYLE = Automatic;
				CURRENT_PROJECT_VERSION = 1.0.1;
				DEVELOPMENT_TEAM = CGXMG96WUQ;
				INFOPLIST_FILE = AdmaxDemo/SupportingFiles/Info.plist;
				IPHONEOS_DEPLOYMENT_TARGET = 13.0;
				LD_RUNPATH_SEARCH_PATHS = (
					"$(inherited)",
					"@executable_path/Frameworks",
				);
				PRODUCT_BUNDLE_IDENTIFIER = Admax.AdmaxDemoSi;
				PRODUCT_NAME = "$(TARGET_NAME)";
				SWIFT_VERSION = 5.0;
				TARGETED_DEVICE_FAMILY = 1;
			};
			name = Debug;
		};
		525B816722842459002BDD54 /* Release */ = {
			isa = XCBuildConfiguration;
			baseConfigurationReference = DBB46DA066111B7415CC7DFF /* Pods-AdmaxDemo.release.xcconfig */;
			buildSettings = {
				ASSETCATALOG_COMPILER_APPICON_NAME = AppIcon;
				CODE_SIGN_STYLE = Automatic;
				CURRENT_PROJECT_VERSION = 1.0.1;
				DEVELOPMENT_TEAM = CGXMG96WUQ;
				INFOPLIST_FILE = AdmaxDemo/SupportingFiles/Info.plist;
				IPHONEOS_DEPLOYMENT_TARGET = 13.0;
				LD_RUNPATH_SEARCH_PATHS = (
					"$(inherited)",
					"@executable_path/Frameworks",
				);
				PRODUCT_BUNDLE_IDENTIFIER = Admax.AdmaxDemoSi;
				PRODUCT_NAME = "$(TARGET_NAME)";
				SWIFT_VERSION = 5.0;
				TARGETED_DEVICE_FAMILY = 1;
			};
			name = Release;
		};
/* End XCBuildConfiguration section */

/* Begin XCConfigurationList section */
		525B814E22842457002BDD54 /* Build configuration list for PBXProject "AdmaxDemo" */ = {
			isa = XCConfigurationList;
			buildConfigurations = (
				525B816322842459002BDD54 /* Debug */,
				525B816422842459002BDD54 /* Release */,
			);
			defaultConfigurationIsVisible = 0;
			defaultConfigurationName = Release;
		};
		525B816522842459002BDD54 /* Build configuration list for PBXNativeTarget "AdmaxDemo" */ = {
			isa = XCConfigurationList;
			buildConfigurations = (
				525B816622842459002BDD54 /* Debug */,
				525B816722842459002BDD54 /* Release */,
			);
			defaultConfigurationIsVisible = 0;
			defaultConfigurationName = Release;
		};
/* End XCConfigurationList section */
	};
	rootObject = 525B814B22842457002BDD54 /* Project object */;
}
